
Microsoft Visual Studio Solution File, Format Version 12.00
# Visual Studio Version 17
VisualStudioVersion = 17.0.31903.59
MinimumVisualStudioVersion = 10.0.40219.1
Project("{FAE04EC0-301F-11D3-BF4B-00C04F79EFBC}") = "BuberDinner.Api", "BuberDinner.Api\BuberDinner.Api.csproj", "{B9F29ECD-964A-4C6B-AE78-8617C969A2ED}"
EndProject
Project("{FAE04EC0-301F-11D3-BF4B-00C04F79EFBC}") = "BuberDinner.Application", "BuberDinner.Application\BuberDinner.Application.csproj", "{8C9CF6CB-8CB7-4A6F-9337-9A9ACF978CE5}"
EndProject
Project("{FAE04EC0-301F-11D3-BF4B-00C04F79EFBC}") = "BuberDinner.Contracts", "BuberDinner.Contracts\BuberDinner.Contracts.csproj", "{8F01180E-4128-4B2C-BD50-3811B04342D7}"
EndProject
Project("{FAE04EC0-301F-11D3-BF4B-00C04F79EFBC}") = "BuberDinner.Domain", "BuberDinner.Domain\BuberDinner.Domain.csproj", "{4468E02E-9CF4-4942-A17A-101296751617}"
EndProject
Project("{FAE04EC0-301F-11D3-BF4B-00C04F79EFBC}") = "BuberDinner.Infraestructure", "BuberDinner.Infraestructure\BuberDinner.Infraestructure.csproj", "{2108B813-968B-4A3F-B888-19F5C5A2D8BD}"
EndProject
Global
	GlobalSection(SolutionConfigurationPlatforms) = preSolution
		Debug|Any CPU = Debug|Any CPU
		Release|Any CPU = Release|Any CPU
	EndGlobalSection
	GlobalSection(SolutionProperties) = preSolution
		HideSolutionNode = FALSE
	EndGlobalSection
	GlobalSection(ProjectConfigurationPlatforms) = postSolution
		{B9F29ECD-964A-4C6B-AE78-8617C969A2ED}.Debug|Any CPU.ActiveCfg = Debug|Any CPU
		{B9F29ECD-964A-4C6B-AE78-8617C969A2ED}.Debug|Any CPU.Build.0 = Debug|Any CPU
		{B9F29ECD-964A-4C6B-AE78-8617C969A2ED}.Release|Any CPU.ActiveCfg = Release|Any CPU
		{B9F29ECD-964A-4C6B-AE78-8617C969A2ED}.Release|Any CPU.Build.0 = Release|Any CPU
		{8C9CF6CB-8CB7-4A6F-9337-9A9ACF978CE5}.Debug|Any CPU.ActiveCfg = Debug|Any CPU
		{8C9CF6CB-8CB7-4A6F-9337-9A9ACF978CE5}.Debug|Any CPU.Build.0 = Debug|Any CPU
		{8C9CF6CB-8CB7-4A6F-9337-9A9ACF978CE5}.Release|Any CPU.ActiveCfg = Release|Any CPU
		{8C9CF6CB-8CB7-4A6F-9337-9A9ACF978CE5}.Release|Any CPU.Build.0 = Release|Any CPU
		{8F01180E-4128-4B2C-BD50-3811B04342D7}.Debug|Any CPU.ActiveCfg = Debug|Any CPU
		{8F01180E-4128-4B2C-BD50-3811B04342D7}.Debug|Any CPU.Build.0 = Debug|Any CPU
		{8F01180E-4128-4B2C-BD50-3811B04342D7}.Release|Any CPU.ActiveCfg = Release|Any CPU
		{8F01180E-4128-4B2C-BD50-3811B04342D7}.Release|Any CPU.Build.0 = Release|Any CPU
		{4468E02E-9CF4-4942-A17A-101296751617}.Debug|Any CPU.ActiveCfg = Debug|Any CPU
		{4468E02E-9CF4-4942-A17A-101296751617}.Debug|Any CPU.Build.0 = Debug|Any CPU
		{4468E02E-9CF4-4942-A17A-101296751617}.Release|Any CPU.ActiveCfg = Release|Any CPU
		{4468E02E-9CF4-4942-A17A-101296751617}.Release|Any CPU.Build.0 = Release|Any CPU
		{2108B813-968B-4A3F-B888-19F5C5A2D8BD}.Debug|Any CPU.ActiveCfg = Debug|Any CPU
		{2108B813-968B-4A3F-B888-19F5C5A2D8BD}.Debug|Any CPU.Build.0 = Debug|Any CPU
		{2108B813-968B-4A3F-B888-19F5C5A2D8BD}.Release|Any CPU.ActiveCfg = Release|Any CPU
		{2108B813-968B-4A3F-B888-19F5C5A2D8BD}.Release|Any CPU.Build.0 = Release|Any CPU
	EndGlobalSection
EndGlobal
